{
  "originHash" : "2b58cfb1ca24ccdf5d1d3cbfb6dde572a5090cc161c52db57b3ae5545103f4f2",
  "pins" : [
    {
      "identity" : "grdb.swift",
      "kind" : "remoteSourceControl",
      "location" : "https://github.com/groue/GRDB.swift",
      "state" : {
        "revision" : "b83108d10f42680d78f23fe4d4d80fc88dab3212",
        "version" : "7.11.1"
      }
    },
    {
      "identity" : "keyboardshortcuts",
      "kind" : "remoteSourceControl",
      "location" : "https://github.com/sindresorhus/KeyboardShortcuts",
      "state" : {
        "revision" : "1aef85578fdd4f9eaeeb8d53b7b4fc31bf08fe27",
        "version" : "2.4.0"
      }
    }
  ],
  "version" : 3
}
